
Microsoft Visual Studio Solution File, Format Version 12.00
# Visual Studio Version 16
VisualStudioVersion = 16.0.30413.136
MinimumVisualStudioVersion = 10.0.40219.1
Project("{FAE04EC0-301F-11D3-BF4B-00C04F79EFBC}") = "200922", "200922\200922.csproj", "{FD4FA7E9-7CD2-475B-98A5-D0D546736783}"
EndProject
Global
	GlobalSection(SolutionConfigurationPlatforms) = preSolution
		Debug|Any CPU = Debug|Any CPU
		Release|Any CPU = Release|Any CPU
	EndGlobalSection
	GlobalSection(ProjectConfigurationPlatforms) = postSolution
		{FD4FA7E9-7CD2-475B-98A5-D0D546736783}.Debug|Any CPU.ActiveCfg = Debug|Any CPU
		{FD4FA7E9-7CD2-475B-98A5-D0D546736783}.Debug|Any CPU.Build.0 = Debug|Any CPU
		{FD4FA7E9-7CD2-475B-98A5-D0D546736783}.Release|Any CPU.ActiveCfg = Release|Any CPU
		{FD4FA7E9-7CD2-475B-98A5-D0D546736783}.Release|Any CPU.Build.0 = Release|Any CPU
	EndGlobalSection
	GlobalSection(SolutionProperties) = preSolution
		HideSolutionNode = FALSE
	EndGlobalSection
	GlobalSection(ExtensibilityGlobals) = postSolution
		SolutionGuid = {E87DCF25-0B47-4A04-B241-4688CA6834F8}
	EndGlobalSection
EndGlobal
